{
  "name": "@stacker/whistle.globalproxy",
  "version": "0.0.1",
  "lockfileVersion": 1,
  "requires": true,
  "dependencies": {
    "commander": {
      "version": "9.4.0",
      "resolved": "https://registry.npmjs.org/commander/-/commander-9.4.0.tgz",
      "integrity": "sha512-sRPT+umqkz90UA8M1yqYfnHlZA7fF6nSphDtxeywPZ49ysjxDQybzk13CL+mXekDRG92skbcqCLVovuCusNmFw=="
    },
    "set-global-proxy": {
      "version": "0.1.7",
      "resolved": "https://registry.npmjs.org/set-global-proxy/-/set-global-proxy-0.1.7.tgz",
      "integrity": "sha512-f6y5dWLXHvK62IJX0brWSCqU2iXbpBM4TNbqGQ+jwXhRjcj+epIpfu8cEN+r8z1F6VyS5H/efadIwI3aneg7sg=="
    }
  }
}
